{
  "name": "js-advance",
  "version": "1.0.0",
  "lockfileVersion": 1,
  "requires": true,
  "dependencies": {
    "@babel/parser": {
      "version": "7.16.8",
      "resolved": "http://nexus.yaoyanshe.com/repository/npm-all/@babel/parser/-/parser-7.16.8.tgz",
      "integrity": "sha512-i7jDUfrVBWc+7OKcBzEe5n7fbv3i2fWtxKzzCvOjnzSxMfWMigAhtfJ7qzZNGFNMsCCd67+uz553dYKWXPvCKw=="
    },
    "@vue/compiler-core": {
      "version": "3.2.27",
      "resolved": "http://nexus.yaoyanshe.com/repository/npm-all/@vue/compiler-core/-/compiler-core-3.2.27.tgz",
      "integrity": "sha512-JyxAglSM/pb9paG5ZNuKrf5IUpzLzQA3khjWGF9oESELCLQlt6O3YyPMR2A69wIpYWrf5mScZ8YY8TJKOI/1kQ==",
      "requires": {
        "@babel/parser": "^7.16.4",
        "@vue/shared": "3.2.27",
        "estree-walker": "^2.0.2",
        "source-map": "^0.6.1"
      }
    },
    "@vue/compiler-dom": {
      "version": "3.2.27",
      "resolved": "http://nexus.yaoyanshe.com/repository/npm-all/@vue/compiler-dom/-/compiler-dom-3.2.27.tgz",
      "integrity": "sha512-NyQ7nEbopUBPUMHM4c3FPCbFbnQwptoPjW5Y5qfJ7hfiCNhOuhQsDNqi5JYKBxfpxiFNwjcN9F8t1AsnLrDloQ==",
      "requires": {
        "@vue/compiler-core": "3.2.27",
        "@vue/shared": "3.2.27"
      }
    },
    "@vue/compiler-sfc": {
      "version": "3.2.27",
      "resolved": "http://nexus.yaoyanshe.com/repository/npm-all/@vue/compiler-sfc/-/compiler-sfc-3.2.27.tgz",
      "integrity": "sha512-WyecUhLN5UAQAr2QlmG2nA56OEnhZJaBnSw0G1tazb9rwDuK0V9tnbIXbQgmQlx+x4sJxgg61yWGcIXfilTl3A==",
      "requires": {
        "@babel/parser": "^7.16.4",
        "@vue/compiler-core": "3.2.27",
        "@vue/compiler-dom": "3.2.27",
        "@vue/compiler-ssr": "3.2.27",
        "@vue/reactivity-transform": "3.2.27",
        "@vue/shared": "3.2.27",
        "estree-walker": "^2.0.2",
        "magic-string": "^0.25.7",
        "postcss": "^8.1.10",
        "source-map": "^0.6.1"
      }
    },
    "@vue/compiler-ssr": {
      "version": "3.2.27",
      "resolved": "http://nexus.yaoyanshe.com/repository/npm-all/@vue/compiler-ssr/-/compiler-ssr-3.2.27.tgz",
      "integrity": "sha512-+l09t319iV7HVSrXfBw9OLwMZIPOFTXmHjZ61Bc5ZcwKqOYAR4uTurKpoXAfcSc5qs/q6WdE9jY3nrP0LUEMQQ==",
      "requires": {
        "@vue/compiler-dom": "3.2.27",
        "@vue/shared": "3.2.27"
      }
    },
    "@vue/reactivity": {
      "version": "3.2.27",
      "resolved": "http://nexus.yaoyanshe.com/repository/npm-all/@vue/reactivity/-/reactivity-3.2.27.tgz",
      "integrity": "sha512-QPfIQEJidRGIu/mPexhcB4csp1LEg2Nr+/QE72MnXs/OYDtFErhC9FxIyymkxp/xvAgL5wsnSOuDD6zWF42vRQ==",
      "requires": {
        "@vue/shared": "3.2.27"
      }
    },
    "@vue/reactivity-transform": {
      "version": "3.2.27",
      "resolved": "http://nexus.yaoyanshe.com/repository/npm-all/@vue/reactivity-transform/-/reactivity-transform-3.2.27.tgz",
      "integrity": "sha512-67//61ObGxGnVrPhjygocb24eYUh+TFMhkm7szm8v5XdKXjkNl7qgIOflwGvUnwuIRJmr9nZ7+PvY0fL+H2upA==",
      "requires": {
        "@babel/parser": "^7.16.4",
        "@vue/compiler-core": "3.2.27",
        "@vue/shared": "3.2.27",
        "estree-walker": "^2.0.2",
        "magic-string": "^0.25.7"
      }
    },
    "@vue/runtime-core": {
      "version": "3.2.27",
      "resolved": "http://nexus.yaoyanshe.com/repository/npm-all/@vue/runtime-core/-/runtime-core-3.2.27.tgz",
      "integrity": "sha512-NJrjuViHJyrT4bwIocbE4XDaDlA1Pj61pQlneZZdFEvgdMLlhzCCiJ4WZnWcohYQeisUAZjEFKK8GjQieDPFbw==",
      "requires": {
        "@vue/reactivity": "3.2.27",
        "@vue/shared": "3.2.27"
      }
    },
    "@vue/runtime-dom": {
      "version": "3.2.27",
      "resolved": "http://nexus.yaoyanshe.com/repository/npm-all/@vue/runtime-dom/-/runtime-dom-3.2.27.tgz",
      "integrity": "sha512-tlnKkvBSkV7MPUp/wRFsYcv67U1rUeZTPfpPzq5Kpmw5NNGkY6J075fFBH2k0MNxDucXS+qfStNrxAyGTUMkSA==",
      "requires": {
        "@vue/runtime-core": "3.2.27",
        "@vue/shared": "3.2.27",
        "csstype": "^2.6.8"
      }
    },
    "@vue/server-renderer": {
      "version": "3.2.27",
      "resolved": "http://nexus.yaoyanshe.com/repository/npm-all/@vue/server-renderer/-/server-renderer-3.2.27.tgz",
      "integrity": "sha512-dZnzkFCDe6A/GIe/F1LcG6lWpprHVh62DjTv8wubtkHwfJWOmOeHp+KvPDRrswL/L3ghsm+E31xY+pvkgM3pbQ==",
      "requires": {
        "@vue/compiler-ssr": "3.2.27",
        "@vue/shared": "3.2.27"
      }
    },
    "@vue/shared": {
      "version": "3.2.27",
      "resolved": "http://nexus.yaoyanshe.com/repository/npm-all/@vue/shared/-/shared-3.2.27.tgz",
      "integrity": "sha512-rpAn9k6O08Lvo7ekBIAnkOukX/4EsEQLPrRJBKhIEasMsOI5eX0f6mq1sDUSY7cgAqWw2d7QtP74CWxdXoyKxA=="
    },
    "csstype": {
      "version": "2.6.19",
      "resolved": "http://nexus.yaoyanshe.com/repository/npm-all/csstype/-/csstype-2.6.19.tgz",
      "integrity": "sha512-ZVxXaNy28/k3kJg0Fou5MiYpp88j7H9hLZp8PDC3jV0WFjfH5E9xHb56L0W59cPbKbcHXeP4qyT8PrHp8t6LcQ=="
    },
    "estree-walker": {
      "version": "2.0.2",
      "resolved": "http://nexus.yaoyanshe.com/repository/npm-all/estree-walker/-/estree-walker-2.0.2.tgz",
      "integrity": "sha512-Rfkk/Mp/DL7JVje3u18FxFujQlTNR2q6QfMSMB7AvCBx91NGj/ba3kCfza0f6dVDbw7YlRf/nDrn7pQrCCyQ/w=="
    },
    "magic-string": {
      "version": "0.25.7",
      "resolved": "http://nexus.yaoyanshe.com/repository/npm-all/magic-string/-/magic-string-0.25.7.tgz",
      "integrity": "sha512-4CrMT5DOHTDk4HYDlzmwu4FVCcIYI8gauveasrdCu2IKIFOJ3f0v/8MDGJCDL9oD2ppz/Av1b0Nj345H9M+XIA==",
      "requires": {
        "sourcemap-codec": "^1.4.4"
      }
    },
    "nanoid": {
      "version": "3.2.0",
      "resolved": "http://nexus.yaoyanshe.com/repository/npm-all/nanoid/-/nanoid-3.2.0.tgz",
      "integrity": "sha512-fmsZYa9lpn69Ad5eDn7FMcnnSR+8R34W9qJEijxYhTbfOWzr22n1QxCMzXLK+ODyW2973V3Fux959iQoUxzUIA=="
    },
    "picocolors": {
      "version": "1.0.0",
      "resolved": "http://nexus.yaoyanshe.com/repository/npm-all/picocolors/-/picocolors-1.0.0.tgz",
      "integrity": "sha512-1fygroTLlHu66zi26VoTDv8yRgm0Fccecssto+MhsZ0D/DGW2sm8E8AjW7NU5VVTRt5GxbeZ5qBuJr+HyLYkjQ=="
    },
    "postcss": {
      "version": "8.4.5",
      "resolved": "http://nexus.yaoyanshe.com/repository/npm-all/postcss/-/postcss-8.4.5.tgz",
      "integrity": "sha512-jBDboWM8qpaqwkMwItqTQTiFikhs/67OYVvblFFTM7MrZjt6yMKd6r2kgXizEbTTljacm4NldIlZnhbjr84QYg==",
      "requires": {
        "nanoid": "^3.1.30",
        "picocolors": "^1.0.0",
        "source-map-js": "^1.0.1"
      }
    },
    "source-map": {
      "version": "0.6.1",
      "resolved": "http://nexus.yaoyanshe.com/repository/npm-all/source-map/-/source-map-0.6.1.tgz",
      "integrity": "sha512-UjgapumWlbMhkBgzT7Ykc5YXUT46F0iKu8SGXq0bcwP5dz/h0Plj6enJqjz1Zbq2l5WaqYnrVbwWOWMyF3F47g=="
    },
    "source-map-js": {
      "version": "1.0.1",
      "resolved": "http://nexus.yaoyanshe.com/repository/npm-all/source-map-js/-/source-map-js-1.0.1.tgz",
      "integrity": "sha512-4+TN2b3tqOCd/kaGRJ/sTYA0tR0mdXx26ipdolxcwtJVqEnqNYvlCAt1q3ypy4QMlYus+Zh34RNtYLoq2oQ4IA=="
    },
    "sourcemap-codec": {
      "version": "1.4.8",
      "resolved": "http://nexus.yaoyanshe.com/repository/npm-all/sourcemap-codec/-/sourcemap-codec-1.4.8.tgz",
      "integrity": "sha512-9NykojV5Uih4lgo5So5dtw+f0JgJX30KCNI8gwhz2J9A15wD0Ml6tjHKwf6fTSa6fAdVBdZeNOs9eJ71qCk8vA=="
    },
    "vue": {
      "version": "3.2.27",
      "resolved": "http://nexus.yaoyanshe.com/repository/npm-all/vue/-/vue-3.2.27.tgz",
      "integrity": "sha512-p1cH8Q6eaPwvANCjFQj497a914cxXKKwOG3Lg9USddTOrn4/zFMKjn9dnovkx+L8VtFaNgbVqW8mLJS/eTA6xw==",
      "requires": {
        "@vue/compiler-dom": "3.2.27",
        "@vue/compiler-sfc": "3.2.27",
        "@vue/runtime-dom": "3.2.27",
        "@vue/server-renderer": "3.2.27",
        "@vue/shared": "3.2.27"
      }
    }
  }
}
